
Microsoft Visual Studio Solution File, Format Version 12.00
# Visual Studio 2013
VisualStudioVersion = 12.0.21005.1
MinimumVisualStudioVersion = 10.0.40219.1
Project("{8BC9CEB8-8B4A-11D0-8D11-00A0C91BC942}") = "gzip_simple", "gzip_simple\gzip_simple.vcxproj", "{0F47C01C-935A-4349-9840-17FDC14C45CD}"
EndProject
Project("{8BC9CEB8-8B4A-11D0-8D11-00A0C91BC942}") = "zlib", "zlib\zlib.vcxproj", "{076DB7E8-FA4A-43BF-8EDA-31DD4620294E}"
EndProject
Global
	GlobalSection(SolutionConfigurationPlatforms) = preSolution
		Debug|Win32 = Debug|Win32
		Release|Win32 = Release|Win32
	EndGlobalSection
	GlobalSection(ProjectConfigurationPlatforms) = postSolution
		{0F47C01C-935A-4349-9840-17FDC14C45CD}.Debug|Win32.ActiveCfg = Debug|Win32
		{0F47C01C-935A-4349-9840-17FDC14C45CD}.Debug|Win32.Build.0 = Debug|Win32
		{0F47C01C-935A-4349-9840-17FDC14C45CD}.Release|Win32.ActiveCfg = Release|Win32
		{0F47C01C-935A-4349-9840-17FDC14C45CD}.Release|Win32.Build.0 = Release|Win32
		{076DB7E8-FA4A-43BF-8EDA-31DD4620294E}.Debug|Win32.ActiveCfg = Debug|Win32
		{076DB7E8-FA4A-43BF-8EDA-31DD4620294E}.Debug|Win32.Build.0 = Debug|Win32
		{076DB7E8-FA4A-43BF-8EDA-31DD4620294E}.Release|Win32.ActiveCfg = Release|Win32
		{076DB7E8-FA4A-43BF-8EDA-31DD4620294E}.Release|Win32.Build.0 = Release|Win32
	EndGlobalSection
	GlobalSection(SolutionProperties) = preSolution
		HideSolutionNode = FALSE
	EndGlobalSection
EndGlobal
